
Microsoft Visual Studio Solution File, Format Version 12.00
# Visual Studio Version 16
VisualStudioVersion = 16.0.31205.134
MinimumVisualStudioVersion = 10.0.40219.1
Project("{8BC9CEB8-8B4A-11D0-8D11-00A0C91BC942}") = "SystemThreadFinder", "SystemThreadFinder\SystemThreadFinder.vcxproj", "{122CC5C6-2875-4817-BCFC-C22EFF1CF05B}"
EndProject
Global
	GlobalSection(SolutionConfigurationPlatforms) = preSolution
		Debug|x64 = Debug|x64
		Debug|x86 = Debug|x86
		Release|x64 = Release|x64
		Release|x86 = Release|x86
	EndGlobalSection
	GlobalSection(ProjectConfigurationPlatforms) = postSolution
		{122CC5C6-2875-4817-BCFC-C22EFF1CF05B}.Debug|x64.ActiveCfg = Debug|x64
		{122CC5C6-2875-4817-BCFC-C22EFF1CF05B}.Debug|x64.Build.0 = Debug|x64
		{122CC5C6-2875-4817-BCFC-C22EFF1CF05B}.Debug|x86.ActiveCfg = Debug|Win32
		{122CC5C6-2875-4817-BCFC-C22EFF1CF05B}.Debug|x86.Build.0 = Debug|Win32
		{122CC5C6-2875-4817-BCFC-C22EFF1CF05B}.Release|x64.ActiveCfg = Release|x64
		{122CC5C6-2875-4817-BCFC-C22EFF1CF05B}.Release|x64.Build.0 = Release|x64
		{122CC5C6-2875-4817-BCFC-C22EFF1CF05B}.Release|x86.ActiveCfg = Release|Win32
		{122CC5C6-2875-4817-BCFC-C22EFF1CF05B}.Release|x86.Build.0 = Release|Win32
	EndGlobalSection
	GlobalSection(SolutionProperties) = preSolution
		HideSolutionNode = FALSE
	EndGlobalSection
	GlobalSection(ExtensibilityGlobals) = postSolution
		SolutionGuid = {8A82D2F5-8CFD-4916-A62F-17FE88BB75F8}
	EndGlobalSection
EndGlobal
